
Microsoft Visual Studio Solution File, Format Version 12.00
# Visual Studio Version 16
VisualStudioVersion = 16.0.29519.87
MinimumVisualStudioVersion = 10.0.40219.1
Project("{FAE04EC0-301F-11D3-BF4B-00C04F79EFBC}") = "Nhom37", "Nhom37\Nhom37.csproj", "{F948A941-F861-4109-9DBF-28C5E14F8CAF}"
EndProject
Global
	GlobalSection(SolutionConfigurationPlatforms) = preSolution
		Debug|Any CPU = Debug|Any CPU
		Release|Any CPU = Release|Any CPU
	EndGlobalSection
	GlobalSection(ProjectConfigurationPlatforms) = postSolution
		{F948A941-F861-4109-9DBF-28C5E14F8CAF}.Debug|Any CPU.ActiveCfg = Debug|Any CPU
		{F948A941-F861-4109-9DBF-28C5E14F8CAF}.Debug|Any CPU.Build.0 = Debug|Any CPU
		{F948A941-F861-4109-9DBF-28C5E14F8CAF}.Release|Any CPU.ActiveCfg = Release|Any CPU
		{F948A941-F861-4109-9DBF-28C5E14F8CAF}.Release|Any CPU.Build.0 = Release|Any CPU
	EndGlobalSection
	GlobalSection(SolutionProperties) = preSolution
		HideSolutionNode = FALSE
	EndGlobalSection
	GlobalSection(ExtensibilityGlobals) = postSolution
		SolutionGuid = {B0581E6A-1D97-4649-AAF6-2F49F374956D}
	EndGlobalSection
EndGlobal
